
Microsoft Visual Studio Solution File, Format Version 12.00
# Visual Studio Version 17
VisualStudioVersion = 17.4.33205.214
MinimumVisualStudioVersion = 10.0.40219.1
Project("{FAE04EC0-301F-11D3-BF4B-00C04F79EFBC}") = "AssetManager", "AssetManager\AssetManager.csproj", "{7A7907C8-2FFE-4D02-96E0-58C49C7A3AEB}"
EndProject
Global
	GlobalSection(SolutionConfigurationPlatforms) = preSolution
		Debug|Any CPU = Debug|Any CPU
		Release|Any CPU = Release|Any CPU
	EndGlobalSection
	GlobalSection(ProjectConfigurationPlatforms) = postSolution
		{7A7907C8-2FFE-4D02-96E0-58C49C7A3AEB}.Debug|Any CPU.ActiveCfg = Debug|Any CPU
		{7A7907C8-2FFE-4D02-96E0-58C49C7A3AEB}.Debug|Any CPU.Build.0 = Debug|Any CPU
		{7A7907C8-2FFE-4D02-96E0-58C49C7A3AEB}.Release|Any CPU.ActiveCfg = Release|Any CPU
		{7A7907C8-2FFE-4D02-96E0-58C49C7A3AEB}.Release|Any CPU.Build.0 = Release|Any CPU
	EndGlobalSection
	GlobalSection(SolutionProperties) = preSolution
		HideSolutionNode = FALSE
	EndGlobalSection
	GlobalSection(ExtensibilityGlobals) = postSolution
		SolutionGuid = {4F39864E-8F01-4E2F-B88D-759270AB763B}
	EndGlobalSection
EndGlobal
